
Microsoft Visual Studio Solution File, Format Version 12.00
# Visual Studio 15
VisualStudioVersion = 15.0.28307.705
MinimumVisualStudioVersion = 10.0.40219.1
Project("{FAE04EC0-301F-11D3-BF4B-00C04F79EFBC}") = "Prize_Machine", "Prize_Machine\Prize_Machine.csproj", "{0CF1FD1B-F9F2-4F4F-A44C-32EA817BFB37}"
EndProject
Global
	GlobalSection(SolutionConfigurationPlatforms) = preSolution
		Debug|Any CPU = Debug|Any CPU
		Release|Any CPU = Release|Any CPU
	EndGlobalSection
	GlobalSection(ProjectConfigurationPlatforms) = postSolution
		{0CF1FD1B-F9F2-4F4F-A44C-32EA817BFB37}.Debug|Any CPU.ActiveCfg = Debug|Any CPU
		{0CF1FD1B-F9F2-4F4F-A44C-32EA817BFB37}.Debug|Any CPU.Build.0 = Debug|Any CPU
		{0CF1FD1B-F9F2-4F4F-A44C-32EA817BFB37}.Release|Any CPU.ActiveCfg = Release|Any CPU
		{0CF1FD1B-F9F2-4F4F-A44C-32EA817BFB37}.Release|Any CPU.Build.0 = Release|Any CPU
	EndGlobalSection
	GlobalSection(SolutionProperties) = preSolution
		HideSolutionNode = FALSE
	EndGlobalSection
	GlobalSection(ExtensibilityGlobals) = postSolution
		SolutionGuid = {B980D8A0-E08E-4113-A1F6-F93869F39888}
	EndGlobalSection
EndGlobal
